
Microsoft Visual Studio Solution File, Format Version 12.00
# Visual Studio Version 17
VisualStudioVersion = 17.11.35303.130
MinimumVisualStudioVersion = 10.0.40219.1
Project("{FAE04EC0-301F-11D3-BF4B-00C04F79EFBC}") = "Exemple1", "Exemple1\Exemple1.csproj", "{42F35718-7396-42D1-97B3-EFBCFB068D82}"
EndProject
Project("{FAE04EC0-301F-11D3-BF4B-00C04F79EFBC}") = "EX1", "EX1\EX1.csproj", "{167C1FDC-CC31-4426-AD25-303D0A121E29}"
EndProject
Project("{FAE04EC0-301F-11D3-BF4B-00C04F79EFBC}") = "EX3", "EX3\EX3.csproj", "{4FB7ED2F-D842-408E-84FE-7FAC2415F6B1}"
EndProject
Global
	GlobalSection(SolutionConfigurationPlatforms) = preSolution
		Debug|Any CPU = Debug|Any CPU
		Release|Any CPU = Release|Any CPU
	EndGlobalSection
	GlobalSection(ProjectConfigurationPlatforms) = postSolution
		{42F35718-7396-42D1-97B3-EFBCFB068D82}.Debug|Any CPU.ActiveCfg = Debug|Any CPU
		{42F35718-7396-42D1-97B3-EFBCFB068D82}.Debug|Any CPU.Build.0 = Debug|Any CPU
		{42F35718-7396-42D1-97B3-EFBCFB068D82}.Release|Any CPU.ActiveCfg = Release|Any CPU
		{42F35718-7396-42D1-97B3-EFBCFB068D82}.Release|Any CPU.Build.0 = Release|Any CPU
		{167C1FDC-CC31-4426-AD25-303D0A121E29}.Debug|Any CPU.ActiveCfg = Debug|Any CPU
		{167C1FDC-CC31-4426-AD25-303D0A121E29}.Debug|Any CPU.Build.0 = Debug|Any CPU
		{167C1FDC-CC31-4426-AD25-303D0A121E29}.Release|Any CPU.ActiveCfg = Release|Any CPU
		{167C1FDC-CC31-4426-AD25-303D0A121E29}.Release|Any CPU.Build.0 = Release|Any CPU
		{4FB7ED2F-D842-408E-84FE-7FAC2415F6B1}.Debug|Any CPU.ActiveCfg = Debug|Any CPU
		{4FB7ED2F-D842-408E-84FE-7FAC2415F6B1}.Debug|Any CPU.Build.0 = Debug|Any CPU
		{4FB7ED2F-D842-408E-84FE-7FAC2415F6B1}.Release|Any CPU.ActiveCfg = Release|Any CPU
		{4FB7ED2F-D842-408E-84FE-7FAC2415F6B1}.Release|Any CPU.Build.0 = Release|Any CPU
	EndGlobalSection
	GlobalSection(SolutionProperties) = preSolution
		HideSolutionNode = FALSE
	EndGlobalSection
	GlobalSection(ExtensibilityGlobals) = postSolution
		SolutionGuid = {04B501E4-F61E-4B49-B9C5-2DF653C9EEFA}
	EndGlobalSection
EndGlobal
